<?xml version="1.0" encoding="utf-8"?>
<Project ToolsVersion="4.0" xmlns="http://schemas.microsoft.com/developer/msbuild/2003">
  <ItemGroup>
    <Filter Include="Tests">
      <UniqueIdentifier>{808a252b-5ab8-41ee-a66c-02f49e9709d3}</UniqueIdentifier>
    </Filter>
  </ItemGroup>
  <ItemGroup>
    <ClCompile Include="TestsMain.cpp">
      <Filter>Tests</Filter>
    </ClCompile>
  </ItemGroup>
</Project>